
Microsoft Visual Studio Solution File, Format Version 12.00
# Visual Studio 15
VisualStudioVersion = 15.0.26124.0
MinimumVisualStudioVersion = 15.0.26124.0
Project("{2150E333-8FDC-42A3-9474-1A3956D46DE8}") = "src", "src", "{948070EB-AB22-4325-B0F0-FDB00FCA9CB7}"
EndProject
Project("{FAE04EC0-301F-11D3-BF4B-00C04F79EFBC}") = "Gateway.Web", "src\Gateway.Web\Gateway.Web.csproj", "{59D2BD24-45F9-4AED-BB6A-466937159BDD}"
EndProject
Global
	GlobalSection(SolutionConfigurationPlatforms) = preSolution
		Debug|Any CPU = Debug|Any CPU
		Debug|x64 = Debug|x64
		Debug|x86 = Debug|x86
		Release|Any CPU = Release|Any CPU
		Release|x64 = Release|x64
		Release|x86 = Release|x86
	EndGlobalSection
	GlobalSection(SolutionProperties) = preSolution
		HideSolutionNode = FALSE
	EndGlobalSection
	GlobalSection(ProjectConfigurationPlatforms) = postSolution
		{59D2BD24-45F9-4AED-BB6A-466937159BDD}.Debug|Any CPU.ActiveCfg = Debug|Any CPU
		{59D2BD24-45F9-4AED-BB6A-466937159BDD}.Debug|Any CPU.Build.0 = Debug|Any CPU
		{59D2BD24-45F9-4AED-BB6A-466937159BDD}.Debug|x64.ActiveCfg = Debug|Any CPU
		{59D2BD24-45F9-4AED-BB6A-466937159BDD}.Debug|x64.Build.0 = Debug|Any CPU
		{59D2BD24-45F9-4AED-BB6A-466937159BDD}.Debug|x86.ActiveCfg = Debug|Any CPU
		{59D2BD24-45F9-4AED-BB6A-466937159BDD}.Debug|x86.Build.0 = Debug|Any CPU
		{59D2BD24-45F9-4AED-BB6A-466937159BDD}.Release|Any CPU.ActiveCfg = Release|Any CPU
		{59D2BD24-45F9-4AED-BB6A-466937159BDD}.Release|Any CPU.Build.0 = Release|Any CPU
		{59D2BD24-45F9-4AED-BB6A-466937159BDD}.Release|x64.ActiveCfg = Release|Any CPU
		{59D2BD24-45F9-4AED-BB6A-466937159BDD}.Release|x64.Build.0 = Release|Any CPU
		{59D2BD24-45F9-4AED-BB6A-466937159BDD}.Release|x86.ActiveCfg = Release|Any CPU
		{59D2BD24-45F9-4AED-BB6A-466937159BDD}.Release|x86.Build.0 = Release|Any CPU
	EndGlobalSection
	GlobalSection(NestedProjects) = preSolution
		{59D2BD24-45F9-4AED-BB6A-466937159BDD} = {948070EB-AB22-4325-B0F0-FDB00FCA9CB7}
	EndGlobalSection
EndGlobal
