
Microsoft Visual Studio Solution File, Format Version 12.00
# Visual Studio 15
VisualStudioVersion = 15.0.26124.0
MinimumVisualStudioVersion = 15.0.26124.0
Project("{2150E333-8FDC-42A3-9474-1A3956D46DE8}") = "src", "src", "{75FD8B85-4BD5-47BB-8055-78B4CD8AE258}"
EndProject
Project("{FAE04EC0-301F-11D3-BF4B-00C04F79EFBC}") = "User.Infrastructure", "src\User.Infrastructure\User.Infrastructure.csproj", "{A96EFBB0-24E8-45CA-93B1-BD2E16801400}"
EndProject
Project("{FAE04EC0-301F-11D3-BF4B-00C04F79EFBC}") = "User.Application", "src\User.Application\User.Application.csproj", "{BC473B5B-5419-4D8B-A1D6-17E343FD3054}"
EndProject
Project("{FAE04EC0-301F-11D3-BF4B-00C04F79EFBC}") = "User.Domain", "src\User.Domain\User.Domain.csproj", "{B49B5EF4-27BC-458A-A0A4-6471C4C73A2F}"
EndProject
Project("{FAE04EC0-301F-11D3-BF4B-00C04F79EFBC}") = "User.Domain.Common", "src\User.Domain.Common\User.Domain.Common.csproj", "{773F1D29-46BE-4AA0-B051-CB305CE581B0}"
EndProject
Global
	GlobalSection(SolutionConfigurationPlatforms) = preSolution
		Debug|Any CPU = Debug|Any CPU
		Debug|x64 = Debug|x64
		Debug|x86 = Debug|x86
		Release|Any CPU = Release|Any CPU
		Release|x64 = Release|x64
		Release|x86 = Release|x86
	EndGlobalSection
	GlobalSection(SolutionProperties) = preSolution
		HideSolutionNode = FALSE
	EndGlobalSection
	GlobalSection(ProjectConfigurationPlatforms) = postSolution
		{A96EFBB0-24E8-45CA-93B1-BD2E16801400}.Debug|Any CPU.ActiveCfg = Debug|Any CPU
		{A96EFBB0-24E8-45CA-93B1-BD2E16801400}.Debug|Any CPU.Build.0 = Debug|Any CPU
		{A96EFBB0-24E8-45CA-93B1-BD2E16801400}.Debug|x64.ActiveCfg = Debug|Any CPU
		{A96EFBB0-24E8-45CA-93B1-BD2E16801400}.Debug|x64.Build.0 = Debug|Any CPU
		{A96EFBB0-24E8-45CA-93B1-BD2E16801400}.Debug|x86.ActiveCfg = Debug|Any CPU
		{A96EFBB0-24E8-45CA-93B1-BD2E16801400}.Debug|x86.Build.0 = Debug|Any CPU
		{A96EFBB0-24E8-45CA-93B1-BD2E16801400}.Release|Any CPU.ActiveCfg = Release|Any CPU
		{A96EFBB0-24E8-45CA-93B1-BD2E16801400}.Release|Any CPU.Build.0 = Release|Any CPU
		{A96EFBB0-24E8-45CA-93B1-BD2E16801400}.Release|x64.ActiveCfg = Release|Any CPU
		{A96EFBB0-24E8-45CA-93B1-BD2E16801400}.Release|x64.Build.0 = Release|Any CPU
		{A96EFBB0-24E8-45CA-93B1-BD2E16801400}.Release|x86.ActiveCfg = Release|Any CPU
		{A96EFBB0-24E8-45CA-93B1-BD2E16801400}.Release|x86.Build.0 = Release|Any CPU
		{BC473B5B-5419-4D8B-A1D6-17E343FD3054}.Debug|Any CPU.ActiveCfg = Debug|Any CPU
		{BC473B5B-5419-4D8B-A1D6-17E343FD3054}.Debug|Any CPU.Build.0 = Debug|Any CPU
		{BC473B5B-5419-4D8B-A1D6-17E343FD3054}.Debug|x64.ActiveCfg = Debug|Any CPU
		{BC473B5B-5419-4D8B-A1D6-17E343FD3054}.Debug|x64.Build.0 = Debug|Any CPU
		{BC473B5B-5419-4D8B-A1D6-17E343FD3054}.Debug|x86.ActiveCfg = Debug|Any CPU
		{BC473B5B-5419-4D8B-A1D6-17E343FD3054}.Debug|x86.Build.0 = Debug|Any CPU
		{BC473B5B-5419-4D8B-A1D6-17E343FD3054}.Release|Any CPU.ActiveCfg = Release|Any CPU
		{BC473B5B-5419-4D8B-A1D6-17E343FD3054}.Release|Any CPU.Build.0 = Release|Any CPU
		{BC473B5B-5419-4D8B-A1D6-17E343FD3054}.Release|x64.ActiveCfg = Release|Any CPU
		{BC473B5B-5419-4D8B-A1D6-17E343FD3054}.Release|x64.Build.0 = Release|Any CPU
		{BC473B5B-5419-4D8B-A1D6-17E343FD3054}.Release|x86.ActiveCfg = Release|Any CPU
		{BC473B5B-5419-4D8B-A1D6-17E343FD3054}.Release|x86.Build.0 = Release|Any CPU
		{B49B5EF4-27BC-458A-A0A4-6471C4C73A2F}.Debug|Any CPU.ActiveCfg = Debug|Any CPU
		{B49B5EF4-27BC-458A-A0A4-6471C4C73A2F}.Debug|Any CPU.Build.0 = Debug|Any CPU
		{B49B5EF4-27BC-458A-A0A4-6471C4C73A2F}.Debug|x64.ActiveCfg = Debug|Any CPU
		{B49B5EF4-27BC-458A-A0A4-6471C4C73A2F}.Debug|x64.Build.0 = Debug|Any CPU
		{B49B5EF4-27BC-458A-A0A4-6471C4C73A2F}.Debug|x86.ActiveCfg = Debug|Any CPU
		{B49B5EF4-27BC-458A-A0A4-6471C4C73A2F}.Debug|x86.Build.0 = Debug|Any CPU
		{B49B5EF4-27BC-458A-A0A4-6471C4C73A2F}.Release|Any CPU.ActiveCfg = Release|Any CPU
		{B49B5EF4-27BC-458A-A0A4-6471C4C73A2F}.Release|Any CPU.Build.0 = Release|Any CPU
		{B49B5EF4-27BC-458A-A0A4-6471C4C73A2F}.Release|x64.ActiveCfg = Release|Any CPU
		{B49B5EF4-27BC-458A-A0A4-6471C4C73A2F}.Release|x64.Build.0 = Release|Any CPU
		{B49B5EF4-27BC-458A-A0A4-6471C4C73A2F}.Release|x86.ActiveCfg = Release|Any CPU
		{B49B5EF4-27BC-458A-A0A4-6471C4C73A2F}.Release|x86.Build.0 = Release|Any CPU
		{773F1D29-46BE-4AA0-B051-CB305CE581B0}.Debug|Any CPU.ActiveCfg = Debug|Any CPU
		{773F1D29-46BE-4AA0-B051-CB305CE581B0}.Debug|Any CPU.Build.0 = Debug|Any CPU
		{773F1D29-46BE-4AA0-B051-CB305CE581B0}.Debug|x64.ActiveCfg = Debug|Any CPU
		{773F1D29-46BE-4AA0-B051-CB305CE581B0}.Debug|x64.Build.0 = Debug|Any CPU
		{773F1D29-46BE-4AA0-B051-CB305CE581B0}.Debug|x86.ActiveCfg = Debug|Any CPU
		{773F1D29-46BE-4AA0-B051-CB305CE581B0}.Debug|x86.Build.0 = Debug|Any CPU
		{773F1D29-46BE-4AA0-B051-CB305CE581B0}.Release|Any CPU.ActiveCfg = Release|Any CPU
		{773F1D29-46BE-4AA0-B051-CB305CE581B0}.Release|Any CPU.Build.0 = Release|Any CPU
		{773F1D29-46BE-4AA0-B051-CB305CE581B0}.Release|x64.ActiveCfg = Release|Any CPU
		{773F1D29-46BE-4AA0-B051-CB305CE581B0}.Release|x64.Build.0 = Release|Any CPU
		{773F1D29-46BE-4AA0-B051-CB305CE581B0}.Release|x86.ActiveCfg = Release|Any CPU
		{773F1D29-46BE-4AA0-B051-CB305CE581B0}.Release|x86.Build.0 = Release|Any CPU
	EndGlobalSection
	GlobalSection(NestedProjects) = preSolution
		{A96EFBB0-24E8-45CA-93B1-BD2E16801400} = {75FD8B85-4BD5-47BB-8055-78B4CD8AE258}
		{BC473B5B-5419-4D8B-A1D6-17E343FD3054} = {75FD8B85-4BD5-47BB-8055-78B4CD8AE258}
		{B49B5EF4-27BC-458A-A0A4-6471C4C73A2F} = {75FD8B85-4BD5-47BB-8055-78B4CD8AE258}
		{773F1D29-46BE-4AA0-B051-CB305CE581B0} = {75FD8B85-4BD5-47BB-8055-78B4CD8AE258}
	EndGlobalSection
EndGlobal
