
Microsoft Visual Studio Solution File, Format Version 12.00
# Visual Studio 15
VisualStudioVersion = 15.0.26124.0
MinimumVisualStudioVersion = 15.0.26124.0
Project("{2150E333-8FDC-42A3-9474-1A3956D46DE8}") = "src", "src", "{F4035251-730E-4A17-8D7E-8C16493FE500}"
EndProject
Project("{FAE04EC0-301F-11D3-BF4B-00C04F79EFBC}") = "Publisher.Web", "src\Publisher.Web\Publisher.Web.csproj", "{65192958-A3F9-432E-89C9-C788A0CB3EBE}"
EndProject
Project("{FAE04EC0-301F-11D3-BF4B-00C04F79EFBC}") = "Publisher.Application", "src\Publisher.Application\Publisher.Application.csproj", "{5329B739-E95E-4EAF-8E18-57FE62921706}"
EndProject
Project("{FAE04EC0-301F-11D3-BF4B-00C04F79EFBC}") = "Publisher.Domain", "src\Publisher.Domain\Publisher.Domain.csproj", "{46AD96F4-F6E0-45A3-BCB7-DFF7E466C0A1}"
EndProject
Project("{FAE04EC0-301F-11D3-BF4B-00C04F79EFBC}") = "Publisher.Infrastructure", "src\Publisher.Infrastructure\Publisher.Infrastructure.csproj", "{9DB20175-B616-4C47-83A6-E62FD44FE43D}"
EndProject
Project("{FAE04EC0-301F-11D3-BF4B-00C04F79EFBC}") = "Publisher.Domain.Common", "src\Publisher.Domain.Common\Publisher.Domain.Common.csproj", "{F78F2737-9FFE-42B6-9045-8896BBA2297F}"
EndProject
Global
	GlobalSection(SolutionConfigurationPlatforms) = preSolution
		Debug|Any CPU = Debug|Any CPU
		Debug|x64 = Debug|x64
		Debug|x86 = Debug|x86
		Release|Any CPU = Release|Any CPU
		Release|x64 = Release|x64
		Release|x86 = Release|x86
	EndGlobalSection
	GlobalSection(SolutionProperties) = preSolution
		HideSolutionNode = FALSE
	EndGlobalSection
	GlobalSection(ProjectConfigurationPlatforms) = postSolution
		{65192958-A3F9-432E-89C9-C788A0CB3EBE}.Debug|Any CPU.ActiveCfg = Debug|Any CPU
		{65192958-A3F9-432E-89C9-C788A0CB3EBE}.Debug|Any CPU.Build.0 = Debug|Any CPU
		{65192958-A3F9-432E-89C9-C788A0CB3EBE}.Debug|x64.ActiveCfg = Debug|Any CPU
		{65192958-A3F9-432E-89C9-C788A0CB3EBE}.Debug|x64.Build.0 = Debug|Any CPU
		{65192958-A3F9-432E-89C9-C788A0CB3EBE}.Debug|x86.ActiveCfg = Debug|Any CPU
		{65192958-A3F9-432E-89C9-C788A0CB3EBE}.Debug|x86.Build.0 = Debug|Any CPU
		{65192958-A3F9-432E-89C9-C788A0CB3EBE}.Release|Any CPU.ActiveCfg = Release|Any CPU
		{65192958-A3F9-432E-89C9-C788A0CB3EBE}.Release|Any CPU.Build.0 = Release|Any CPU
		{65192958-A3F9-432E-89C9-C788A0CB3EBE}.Release|x64.ActiveCfg = Release|Any CPU
		{65192958-A3F9-432E-89C9-C788A0CB3EBE}.Release|x64.Build.0 = Release|Any CPU
		{65192958-A3F9-432E-89C9-C788A0CB3EBE}.Release|x86.ActiveCfg = Release|Any CPU
		{65192958-A3F9-432E-89C9-C788A0CB3EBE}.Release|x86.Build.0 = Release|Any CPU
		{5329B739-E95E-4EAF-8E18-57FE62921706}.Debug|Any CPU.ActiveCfg = Debug|Any CPU
		{5329B739-E95E-4EAF-8E18-57FE62921706}.Debug|Any CPU.Build.0 = Debug|Any CPU
		{5329B739-E95E-4EAF-8E18-57FE62921706}.Debug|x64.ActiveCfg = Debug|Any CPU
		{5329B739-E95E-4EAF-8E18-57FE62921706}.Debug|x64.Build.0 = Debug|Any CPU
		{5329B739-E95E-4EAF-8E18-57FE62921706}.Debug|x86.ActiveCfg = Debug|Any CPU
		{5329B739-E95E-4EAF-8E18-57FE62921706}.Debug|x86.Build.0 = Debug|Any CPU
		{5329B739-E95E-4EAF-8E18-57FE62921706}.Release|Any CPU.ActiveCfg = Release|Any CPU
		{5329B739-E95E-4EAF-8E18-57FE62921706}.Release|Any CPU.Build.0 = Release|Any CPU
		{5329B739-E95E-4EAF-8E18-57FE62921706}.Release|x64.ActiveCfg = Release|Any CPU
		{5329B739-E95E-4EAF-8E18-57FE62921706}.Release|x64.Build.0 = Release|Any CPU
		{5329B739-E95E-4EAF-8E18-57FE62921706}.Release|x86.ActiveCfg = Release|Any CPU
		{5329B739-E95E-4EAF-8E18-57FE62921706}.Release|x86.Build.0 = Release|Any CPU
		{46AD96F4-F6E0-45A3-BCB7-DFF7E466C0A1}.Debug|Any CPU.ActiveCfg = Debug|Any CPU
		{46AD96F4-F6E0-45A3-BCB7-DFF7E466C0A1}.Debug|Any CPU.Build.0 = Debug|Any CPU
		{46AD96F4-F6E0-45A3-BCB7-DFF7E466C0A1}.Debug|x64.ActiveCfg = Debug|Any CPU
		{46AD96F4-F6E0-45A3-BCB7-DFF7E466C0A1}.Debug|x64.Build.0 = Debug|Any CPU
		{46AD96F4-F6E0-45A3-BCB7-DFF7E466C0A1}.Debug|x86.ActiveCfg = Debug|Any CPU
		{46AD96F4-F6E0-45A3-BCB7-DFF7E466C0A1}.Debug|x86.Build.0 = Debug|Any CPU
		{46AD96F4-F6E0-45A3-BCB7-DFF7E466C0A1}.Release|Any CPU.ActiveCfg = Release|Any CPU
		{46AD96F4-F6E0-45A3-BCB7-DFF7E466C0A1}.Release|Any CPU.Build.0 = Release|Any CPU
		{46AD96F4-F6E0-45A3-BCB7-DFF7E466C0A1}.Release|x64.ActiveCfg = Release|Any CPU
		{46AD96F4-F6E0-45A3-BCB7-DFF7E466C0A1}.Release|x64.Build.0 = Release|Any CPU
		{46AD96F4-F6E0-45A3-BCB7-DFF7E466C0A1}.Release|x86.ActiveCfg = Release|Any CPU
		{46AD96F4-F6E0-45A3-BCB7-DFF7E466C0A1}.Release|x86.Build.0 = Release|Any CPU
		{9DB20175-B616-4C47-83A6-E62FD44FE43D}.Debug|Any CPU.ActiveCfg = Debug|Any CPU
		{9DB20175-B616-4C47-83A6-E62FD44FE43D}.Debug|Any CPU.Build.0 = Debug|Any CPU
		{9DB20175-B616-4C47-83A6-E62FD44FE43D}.Debug|x64.ActiveCfg = Debug|Any CPU
		{9DB20175-B616-4C47-83A6-E62FD44FE43D}.Debug|x64.Build.0 = Debug|Any CPU
		{9DB20175-B616-4C47-83A6-E62FD44FE43D}.Debug|x86.ActiveCfg = Debug|Any CPU
		{9DB20175-B616-4C47-83A6-E62FD44FE43D}.Debug|x86.Build.0 = Debug|Any CPU
		{9DB20175-B616-4C47-83A6-E62FD44FE43D}.Release|Any CPU.ActiveCfg = Release|Any CPU
		{9DB20175-B616-4C47-83A6-E62FD44FE43D}.Release|Any CPU.Build.0 = Release|Any CPU
		{9DB20175-B616-4C47-83A6-E62FD44FE43D}.Release|x64.ActiveCfg = Release|Any CPU
		{9DB20175-B616-4C47-83A6-E62FD44FE43D}.Release|x64.Build.0 = Release|Any CPU
		{9DB20175-B616-4C47-83A6-E62FD44FE43D}.Release|x86.ActiveCfg = Release|Any CPU
		{9DB20175-B616-4C47-83A6-E62FD44FE43D}.Release|x86.Build.0 = Release|Any CPU
		{F78F2737-9FFE-42B6-9045-8896BBA2297F}.Debug|Any CPU.ActiveCfg = Debug|Any CPU
		{F78F2737-9FFE-42B6-9045-8896BBA2297F}.Debug|Any CPU.Build.0 = Debug|Any CPU
		{F78F2737-9FFE-42B6-9045-8896BBA2297F}.Debug|x64.ActiveCfg = Debug|Any CPU
		{F78F2737-9FFE-42B6-9045-8896BBA2297F}.Debug|x64.Build.0 = Debug|Any CPU
		{F78F2737-9FFE-42B6-9045-8896BBA2297F}.Debug|x86.ActiveCfg = Debug|Any CPU
		{F78F2737-9FFE-42B6-9045-8896BBA2297F}.Debug|x86.Build.0 = Debug|Any CPU
		{F78F2737-9FFE-42B6-9045-8896BBA2297F}.Release|Any CPU.ActiveCfg = Release|Any CPU
		{F78F2737-9FFE-42B6-9045-8896BBA2297F}.Release|Any CPU.Build.0 = Release|Any CPU
		{F78F2737-9FFE-42B6-9045-8896BBA2297F}.Release|x64.ActiveCfg = Release|Any CPU
		{F78F2737-9FFE-42B6-9045-8896BBA2297F}.Release|x64.Build.0 = Release|Any CPU
		{F78F2737-9FFE-42B6-9045-8896BBA2297F}.Release|x86.ActiveCfg = Release|Any CPU
		{F78F2737-9FFE-42B6-9045-8896BBA2297F}.Release|x86.Build.0 = Release|Any CPU
	EndGlobalSection
	GlobalSection(NestedProjects) = preSolution
		{65192958-A3F9-432E-89C9-C788A0CB3EBE} = {F4035251-730E-4A17-8D7E-8C16493FE500}
		{5329B739-E95E-4EAF-8E18-57FE62921706} = {F4035251-730E-4A17-8D7E-8C16493FE500}
		{46AD96F4-F6E0-45A3-BCB7-DFF7E466C0A1} = {F4035251-730E-4A17-8D7E-8C16493FE500}
		{9DB20175-B616-4C47-83A6-E62FD44FE43D} = {F4035251-730E-4A17-8D7E-8C16493FE500}
		{F78F2737-9FFE-42B6-9045-8896BBA2297F} = {F4035251-730E-4A17-8D7E-8C16493FE500}
	EndGlobalSection
EndGlobal
